// !$*UTF8*$!
{
	archiveVersion = 1;
	classes = {
	};
	objectVersion = 77;
	objects = {

/* Begin PBXBuildFile section */
		C61A15812F415A6000399EA5 /* FeynmanWizardView.swift in Sources */ = {isa = PBXBuildFile; fileRef = C61A157E2F415A6000399EA5 /* FeynmanWizardView.swift */; };
		C61A15822F415A6000399EA5 /* FeymantecBackgroundView.swift in Sources */ = {isa = PBXBuildFile; fileRef = C61A157D2F415A6000399EA5 /* FeymantecBackgroundView.swift */; };
		C61A15852F415B0000399EA5 /* FeymantecCore in Frameworks */ = {isa = PBXBuildFile; productRef = C61A15842F415B0000399EA5 /* FeymantecCore */; };
		F0AA10032F41600000399EA5 /* FeymantecAPIClient.swift in Sources */ = {isa = PBXBuildFile; fileRef = F0AA10012F41600000399EA5 /* FeymantecAPIClient.swift */; };
/* End PBXBuildFile section */

/* Begin PBXContainerItemProxy section */
		C61A154C2F41591700399EA5 /* PBXContainerItemProxy */ = {
			isa = PBXContainerItemProxy;
			containerPortal = C61A15342F41591600399EA5 /* Project object */;
			proxyType = 1;
			remoteGlobalIDString = C61A153B2F41591600399EA5;
			remoteInfo = Feymantec;
		};
		C61A15562F41591700399EA5 /* PBXContainerItemProxy */ = {
			isa = PBXContainerItemProxy;
			containerPortal = C61A15342F41591600399EA5 /* Project object */;
			proxyType = 1;
			remoteGlobalIDString = C61A153B2F41591600399EA5;
			remoteInfo = Feymantec;
		};
/* End PBXContainerItemProxy section */

/* Begin PBXFileReference section */
		C61A153C2F41591600399EA5 /* Feymantec.app */ = {isa = PBXFileReference; explicitFileType = wrapper.application; includeInIndex = 0; path = Feymantec.app; sourceTree = BUILT_PRODUCTS_DIR; };
		C61A154B2F41591700399EA5 /* FeymantecTests.xctest */ = {isa = PBXFileReference; explicitFileType = wrapper.cfbundle; includeInIndex = 0; path = FeymantecTests.xctest; sourceTree = BUILT_PRODUCTS_DIR; };
		C61A15552F41591700399EA5 /* FeymantecUITests.xctest */ = {isa = PBXFileReference; explicitFileType = wrapper.cfbundle; includeInIndex = 0; path = FeymantecUITests.xctest; sourceTree = BUILT_PRODUCTS_DIR; };
		C61A157D2F415A6000399EA5 /* FeymantecBackgroundView.swift */ = {isa = PBXFileReference; lastKnownFileType = sourcecode.swift; path = FeymantecBackgroundView.swift; sourceTree = "<group>"; };
		C61A157E2F415A6000399EA5 /* FeynmanWizardView.swift */ = {isa = PBXFileReference; lastKnownFileType = sourcecode.swift; path = FeynmanWizardView.swift; sourceTree = "<group>"; };
		F0AA10012F41600000399EA5 /* FeymantecAPIClient.swift */ = {isa = PBXFileReference; lastKnownFileType = sourcecode.swift; path = FeymantecAPIClient.swift; sourceTree = "<group>"; };
/* End PBXFileReference section */

/* Begin PBXFileSystemSynchronizedRootGroup section */
		C61A153E2F41591600399EA5 /* Feymantec */ = {
			isa = PBXFileSystemSynchronizedRootGroup;
			path = Feymantec;
			sourceTree = "<group>";
		};
		C61A154E2F41591700399EA5 /* FeymantecTests */ = {
			isa = PBXFileSystemSynchronizedRootGroup;
			path = FeymantecTests;
			sourceTree = "<group>";
		};
		C61A15582F41591700399EA5 /* FeymantecUITests */ = {
			isa = PBXFileSystemSynchronizedRootGroup;
			path = FeymantecUITests;
			sourceTree = "<group>";
		};
/* End PBXFileSystemSynchronizedRootGroup section */

/* Begin PBXFrameworksBuildPhase section */
		C61A15392F41591600399EA5 /* Frameworks */ = {
			isa = PBXFrameworksBuildPhase;
			buildActionMask = 2147483647;
			files = (
				C61A15852F415B0000399EA5 /* FeymantecCore in Frameworks */,
			);
			runOnlyForDeploymentPostprocessing = 0;
		};
		C61A15482F41591700399EA5 /* Frameworks */ = {
			isa = PBXFrameworksBuildPhase;
			buildActionMask = 2147483647;
			files = (
			);
			runOnlyForDeploymentPostprocessing = 0;
		};
		C61A15522F41591700399EA5 /* Frameworks */ = {
			isa = PBXFrameworksBuildPhase;
			buildActionMask = 2147483647;
			files = (
			);
			runOnlyForDeploymentPostprocessing = 0;
		};
/* End PBXFrameworksBuildPhase section */

/* Begin PBXGroup section */
		C61A15332F41591600399EA5 = {
			isa = PBXGroup;
			children = (
				C61A153E2F41591600399EA5 /* Feymantec */,
				C61A154E2F41591700399EA5 /* FeymantecTests */,
				C61A15582F41591700399EA5 /* FeymantecUITests */,
				C61A153D2F41591600399EA5 /* Products */,
				F0AA10022F41600000399EA5 /* Network */,
				C61A15802F415A6000399EA5 /* Views */,
			);
			sourceTree = "<group>";
		};
		C61A153D2F41591600399EA5 /* Products */ = {
			isa = PBXGroup;
			children = (
				C61A153C2F41591600399EA5 /* Feymantec.app */,
				C61A154B2F41591700399EA5 /* FeymantecTests.xctest */,
				C61A15552F41591700399EA5 /* FeymantecUITests.xctest */,
			);
			name = Products;
			sourceTree = "<group>";
		};
		C61A15802F415A6000399EA5 /* Views */ = {
			isa = PBXGroup;
			children = (
				C61A157D2F415A6000399EA5 /* FeymantecBackgroundView.swift */,
				C61A157E2F415A6000399EA5 /* FeynmanWizardView.swift */,
			);
			path = Views;
			sourceTree = "<group>";
		};
		F0AA10022F41600000399EA5 /* Network */ = {
			isa = PBXGroup;
			children = (
				F0AA10012F41600000399EA5 /* FeymantecAPIClient.swift */,
			);
			path = Network;
			sourceTree = "<group>";
		};
/* End PBXGroup section */

/* Begin PBXNativeTarget section */
		C61A153B2F41591600399EA5 /* Feymantec */ = {
			isa = PBXNativeTarget;
			buildConfigurationList = C61A155F2F41591700399EA5 /* Build configuration list for PBXNativeTarget "Feymantec" */;
			buildPhases = (
				C61A15382F41591600399EA5 /* Sources */,
				C61A15392F41591600399EA5 /* Frameworks */,
				C61A153A2F41591600399EA5 /* Resources */,
			);
			buildRules = (
			);
			dependencies = (
			);
			fileSystemSynchronizedGroups = (
				C61A153E2F41591600399EA5 /* Feymantec */,
			);
			name = Feymantec;
			packageProductDependencies = (
				C61A15842F415B0000399EA5 /* FeymantecCore */,
			);
			productName = Feymantec;
			productReference = C61A153C2F41591600399EA5 /* Feymantec.app */;
			productType = "com.apple.product-type.application";
		};
		C61A154A2F41591700399EA5 /* FeymantecTests */ = {
			isa = PBXNativeTarget;
			buildConfigurationList = C61A15622F41591700399EA5 /* Build configuration list for PBXNativeTarget "FeymantecTests" */;
			buildPhases = (
				C61A15472F41591700399EA5 /* Sources */,
				C61A15482F41591700399EA5 /* Frameworks */,
				C61A15492F41591700399EA5 /* Resources */,
			);
			buildRules = (
			);
			dependencies = (
				C61A154D2F41591700399EA5 /* PBXTargetDependency */,
			);
			fileSystemSynchronizedGroups = (
				C61A154E2F41591700399EA5 /* FeymantecTests */,
			);
			name = FeymantecTests;
			packageProductDependencies = (
			);
			productName = FeymantecTests;
			productReference = C61A154B2F41591700399EA5 /* FeymantecTests.xctest */;
			productType = "com.apple.product-type.bundle.unit-test";
		};
		C61A15542F41591700399EA5 /* FeymantecUITests */ = {
			isa = PBXNativeTarget;
			buildConfigurationList = C61A15652F41591700399EA5 /* Build configuration list for PBXNativeTarget "FeymantecUITests" */;
			buildPhases = (
				C61A15512F41591700399EA5 /* Sources */,
				C61A15522F41591700399EA5 /* Frameworks */,
				C61A15532F41591700399EA5 /* Resources */,
			);
			buildRules = (
			);
			dependencies = (
				C61A15572F41591700399EA5 /* PBXTargetDependency */,
			);
			fileSystemSynchronizedGroups = (
				C61A15582F41591700399EA5 /* FeymantecUITests */,
			);
			name = FeymantecUITests;
			packageProductDependencies = (
			);
			productName = FeymantecUITests;
			productReference = C61A15552F41591700399EA5 /* FeymantecUITests.xctest */;
			productType = "com.apple.product-type.bundle.ui-testing";
		};
/* End PBXNativeTarget section */

/* Begin PBXProject section */
		C61A15342F41591600399EA5 /* Project object */ = {
			isa = PBXProject;
			attributes = {
				BuildIndependentTargetsInParallel = 1;
				LastSwiftUpdateCheck = 2620;
				LastUpgradeCheck = 2620;
				TargetAttributes = {
					C61A153B2F41591600399EA5 = {
						CreatedOnToolsVersion = 26.2;
					};
					C61A154A2F41591700399EA5 = {
						CreatedOnToolsVersion = 26.2;
						TestTargetID = C61A153B2F41591600399EA5;
					};
					C61A15542F41591700399EA5 = {
						CreatedOnToolsVersion = 26.2;
						TestTargetID = C61A153B2F41591600399EA5;
					};
				};
			};
			buildConfigurationList = C61A15372F41591600399EA5 /* Build configuration list for PBXProject "Feymantec" */;
			developmentRegion = en;
			hasScannedForEncodings = 0;
			knownRegions = (
				en,
				Base,
			);
			mainGroup = C61A15332F41591600399EA5;
			minimizedProjectReferenceProxies = 1;
			packageReferences = (
				C61A15762F41599600399EA5 /* XCLocalSwiftPackageReference "../FeymantecCore" */,
			);
			preferredProjectObjectVersion = 77;
			productRefGroup = C61A153D2F41591600399EA5 /* Products */;
			projectDirPath = "";
			projectRoot = "";
			targets = (
				C61A153B2F41591600399EA5 /* Feymantec */,
				C61A154A2F41591700399EA5 /* FeymantecTests */,
				C61A15542F41591700399EA5 /* FeymantecUITests */,
			);
		};
/* End PBXProject section */

/* Begin PBXResourcesBuildPhase section */
		C61A153A2F41591600399EA5 /* Resources */ = {
			isa = PBXResourcesBuildPhase;
			buildActionMask = 2147483647;
			files = (
			);
			runOnlyForDeploymentPostprocessing = 0;
		};
		C61A15492F41591700399EA5 /* Resources */ = {
			isa = PBXResourcesBuildPhase;
			buildActionMask = 2147483647;
			files = (
			);
			runOnlyForDeploymentPostprocessing = 0;
		};
		C61A15532F41591700399EA5 /* Resources */ = {
			isa = PBXResourcesBuildPhase;
			buildActionMask = 2147483647;
			files = (
			);
			runOnlyForDeploymentPostprocessing = 0;
		};
/* End PBXResourcesBuildPhase section */

/* Begin PBXSourcesBuildPhase section */
		C61A15382F41591600399EA5 /* Sources */ = {
			isa = PBXSourcesBuildPhase;
			buildActionMask = 2147483647;
			files = (
				C61A15812F415A6000399EA5 /* FeynmanWizardView.swift in Sources */,
				C61A15822F415A6000399EA5 /* FeymantecBackgroundView.swift in Sources */,
				F0AA10032F41600000399EA5 /* FeymantecAPIClient.swift in Sources */,
			);
			runOnlyForDeploymentPostprocessing = 0;
		};
		C61A15472F41591700399EA5 /* Sources */ = {
			isa = PBXSourcesBuildPhase;
			buildActionMask = 2147483647;
			files = (
			);
			runOnlyForDeploymentPostprocessing = 0;
		};
		C61A15512F41591700399EA5 /* Sources */ = {
			isa = PBXSourcesBuildPhase;
			buildActionMask = 2147483647;
			files = (
			);
			runOnlyForDeploymentPostprocessing = 0;
		};
/* End PBXSourcesBuildPhase section */

/* Begin PBXTargetDependency section */
		C61A154D2F41591700399EA5 /* PBXTargetDependency */ = {
			isa = PBXTargetDependency;
			target = C61A153B2F41591600399EA5 /* Feymantec */;
			targetProxy = C61A154C2F41591700399EA5 /* PBXContainerItemProxy */;
		};
		C61A15572F41591700399EA5 /* PBXTargetDependency */ = {
			isa = PBXTargetDependency;
			target = C61A153B2F41591600399EA5 /* Feymantec */;
			targetProxy = C61A15562F41591700399EA5 /* PBXContainerItemProxy */;
		};
/* End PBXTargetDependency section */

/* Begin XCBuildConfiguration section */
		C61A155D2F41591700399EA5 /* Debug */ = {
			isa = XCBuildConfiguration;
			buildSettings = {
				ALWAYS_SEARCH_USER_PATHS = NO;
				ASSETCATALOG_COMPILER_GENERATE_SWIFT_ASSET_SYMBOL_EXTENSIONS = YES;
				CLANG_ANALYZER_NONNULL = YES;
				CLANG_ANALYZER_NUMBER_OBJECT_CONVERSION = YES_AGGRESSIVE;
				CLANG_CXX_LANGUAGE_STANDARD = "gnu++20";
				CLANG_ENABLE_MODULES = YES;
				CLANG_ENABLE_OBJC_ARC = YES;
				CLANG_ENABLE_OBJC_WEAK = YES;
				CLANG_WARN_BLOCK_CAPTURE_AUTORELEASING = YES;
				CLANG_WARN_BOOL_CONVERSION = YES;
				CLANG_WARN_COMMA = YES;
				CLANG_WARN_CONSTANT_CONVERSION = YES;
				CLANG_WARN_DEPRECATED_OBJC_IMPLEMENTATIONS = YES;
				CLANG_WARN_DIRECT_OBJC_ISA_USAGE = YES_ERROR;
				CLANG_WARN_DOCUMENTATION_COMMENTS = YES;
				CLANG_WARN_EMPTY_BODY = YES;
				CLANG_WARN_ENUM_CONVERSION = YES;
				CLANG_WARN_INFINITE_RECURSION = YES;
				CLANG_WARN_INT_CONVERSION = YES;
				CLANG_WARN_NON_LITERAL_NULL_CONVERSION = YES;
				CLANG_WARN_OBJC_IMPLICIT_RETAIN_SELF = YES;
				CLANG_WARN_OBJC_LITERAL_CONVERSION = YES;
				CLANG_WARN_OBJC_ROOT_CLASS = YES_ERROR;
				CLANG_WARN_QUOTED_INCLUDE_IN_FRAMEWORK_HEADER = YES;
				CLANG_WARN_RANGE_LOOP_ANALYSIS = YES;
				CLANG_WARN_STRICT_PROTOTYPES = YES;
				CLANG_WARN_SUSPICIOUS_MOVE = YES;
				CLANG_WARN_UNGUARDED_AVAILABILITY = YES_AGGRESSIVE;
				CLANG_WARN_UNREACHABLE_CODE = YES;
				CLANG_WARN__DUPLICATE_METHOD_MATCH = YES;
					COPY_PHASE_STRIP = NO;
					DEBUG_INFORMATION_FORMAT = dwarf;
					ENABLE_STRICT_OBJC_MSGSEND = YES;
					ENABLE_TESTABILITY = YES;
					ENABLE_USER_SCRIPT_SANDBOXING = YES;
				GCC_C_LANGUAGE_STANDARD = gnu17;
				GCC_DYNAMIC_NO_PIC = NO;
				GCC_NO_COMMON_BLOCKS = YES;
				GCC_OPTIMIZATION_LEVEL = 0;
				GCC_PREPROCESSOR_DEFINITIONS = (
					"DEBUG=1",
					"$(inherited)",
				);
				GCC_WARN_64_TO_32_BIT_CONVERSION = YES;
				GCC_WARN_ABOUT_RETURN_TYPE = YES_ERROR;
					GCC_WARN_UNDECLARED_SELECTOR = YES;
					GCC_WARN_UNINITIALIZED_AUTOS = YES_AGGRESSIVE;
					GCC_WARN_UNUSED_FUNCTION = YES;
					GCC_WARN_UNUSED_VARIABLE = YES;
					IPHONEOS_DEPLOYMENT_TARGET = 16.0;
					LOCALIZATION_PREFERS_STRING_CATALOGS = YES;
					MTL_ENABLE_DEBUG_INFO = INCLUDE_SOURCE;
					MTL_FAST_MATH = YES;
				ONLY_ACTIVE_ARCH = YES;
				SDKROOT = iphoneos;
				SWIFT_ACTIVE_COMPILATION_CONDITIONS = "DEBUG $(inherited)";
				SWIFT_OPTIMIZATION_LEVEL = "-Onone";
			};
			name = Debug;
		};
		C61A155E2F41591700399EA5 /* Release */ = {
			isa = XCBuildConfiguration;
			buildSettings = {
				ALWAYS_SEARCH_USER_PATHS = NO;
				ASSETCATALOG_COMPILER_GENERATE_SWIFT_ASSET_SYMBOL_EXTENSIONS = YES;
				CLANG_ANALYZER_NONNULL = YES;
				CLANG_ANALYZER_NUMBER_OBJECT_CONVERSION = YES_AGGRESSIVE;
				CLANG_CXX_LANGUAGE_STANDARD = "gnu++20";
				CLANG_ENABLE_MODULES = YES;
				CLANG_ENABLE_OBJC_ARC = YES;
				CLANG_ENABLE_OBJC_WEAK = YES;
				CLANG_WARN_BLOCK_CAPTURE_AUTORELEASING = YES;
				CLANG_WARN_BOOL_CONVERSION = YES;
				CLANG_WARN_COMMA = YES;
				CLANG_WARN_CONSTANT_CONVERSION = YES;
				CLANG_WARN_DEPRECATED_OBJC_IMPLEMENTATIONS = YES;
				CLANG_WARN_DIRECT_OBJC_ISA_USAGE = YES_ERROR;
				CLANG_WARN_DOCUMENTATION_COMMENTS = YES;
				CLANG_WARN_EMPTY_BODY = YES;
				CLANG_WARN_ENUM_CONVERSION = YES;
				CLANG_WARN_INFINITE_RECURSION = YES;
				CLANG_WARN_INT_CONVERSION = YES;
				CLANG_WARN_NON_LITERAL_NULL_CONVERSION = YES;
				CLANG_WARN_OBJC_IMPLICIT_RETAIN_SELF = YES;
				CLANG_WARN_OBJC_LITERAL_CONVERSION = YES;
				CLANG_WARN_OBJC_ROOT_CLASS = YES_ERROR;
				CLANG_WARN_QUOTED_INCLUDE_IN_FRAMEWORK_HEADER = YES;
				CLANG_WARN_RANGE_LOOP_ANALYSIS = YES;
				CLANG_WARN_STRICT_PROTOTYPES = YES;
				CLANG_WARN_SUSPICIOUS_MOVE = YES;
				CLANG_WARN_UNGUARDED_AVAILABILITY = YES_AGGRESSIVE;
				CLANG_WARN_UNREACHABLE_CODE = YES;
				CLANG_WARN__DUPLICATE_METHOD_MATCH = YES;
					COPY_PHASE_STRIP = NO;
					DEBUG_INFORMATION_FORMAT = "dwarf-with-dsym";
					ENABLE_NS_ASSERTIONS = NO;
					ENABLE_STRICT_OBJC_MSGSEND = YES;
					ENABLE_USER_SCRIPT_SANDBOXING = YES;
				GCC_C_LANGUAGE_STANDARD = gnu17;
				GCC_NO_COMMON_BLOCKS = YES;
				GCC_WARN_64_TO_32_BIT_CONVERSION = YES;
				GCC_WARN_ABOUT_RETURN_TYPE = YES_ERROR;
				GCC_WARN_UNDECLARED_SELECTOR = YES;
				GCC_WARN_UNINITIALIZED_AUTOS = YES_AGGRESSIVE;
					GCC_WARN_UNUSED_FUNCTION = YES;
					GCC_WARN_UNUSED_VARIABLE = YES;
					IPHONEOS_DEPLOYMENT_TARGET = 16.0;
					LOCALIZATION_PREFERS_STRING_CATALOGS = YES;
					MTL_ENABLE_DEBUG_INFO = NO;
					MTL_FAST_MATH = YES;
				SDKROOT = iphoneos;
				SWIFT_COMPILATION_MODE = wholemodule;
				VALIDATE_PRODUCT = YES;
			};
			name = Release;
		};
		C61A15602F41591700399EA5 /* Debug */ = {
			isa = XCBuildConfiguration;
			buildSettings = {
					ASSETCATALOG_COMPILER_APPICON_NAME = AppIcon;
					ASSETCATALOG_COMPILER_GLOBAL_ACCENT_COLOR_NAME = AccentColor;
					CODE_SIGN_STYLE = Automatic;
					CURRENT_PROJECT_VERSION = 1;
					ENABLE_PREVIEWS = YES;
					GENERATE_INFOPLIST_FILE = YES;
					INFOPLIST_KEY_FEYMANTEC_SUPABASE_ANON_KEY = "sb_publishable_lDimobFTWN3QVRPkgWSJyQ_ch45ioL7";
					INFOPLIST_KEY_FEYMANTEC_SUPABASE_FUNCTIONS_BASE_URL = "https://narcpnqenogakxvkeiuh.supabase.co/functions/v1";
					INFOPLIST_KEY_UIApplicationSceneManifest_Generation = YES;
					INFOPLIST_KEY_UIApplicationSupportsIndirectInputEvents = YES;
					INFOPLIST_KEY_UILaunchScreen_Generation = YES;
				INFOPLIST_KEY_UISupportedInterfaceOrientations_iPad = "UIInterfaceOrientationPortrait UIInterfaceOrientationPortraitUpsideDown UIInterfaceOrientationLandscapeLeft UIInterfaceOrientationLandscapeRight";
				INFOPLIST_KEY_UISupportedInterfaceOrientations_iPhone = "UIInterfaceOrientationPortrait UIInterfaceOrientationLandscapeLeft UIInterfaceOrientationLandscapeRight";
				LD_RUNPATH_SEARCH_PATHS = (
					"$(inherited)",
					"@executable_path/Frameworks",
				);
				MARKETING_VERSION = 1.0;
				PRODUCT_BUNDLE_IDENTIFIER = Feymantec.Feymantec;
				PRODUCT_NAME = "$(TARGET_NAME)";
				STRING_CATALOG_GENERATE_SYMBOLS = YES;
				SWIFT_APPROACHABLE_CONCURRENCY = YES;
				SWIFT_DEFAULT_ACTOR_ISOLATION = MainActor;
				SWIFT_EMIT_LOC_STRINGS = YES;
				SWIFT_UPCOMING_FEATURE_MEMBER_IMPORT_VISIBILITY = YES;
				SWIFT_VERSION = 5.0;
				TARGETED_DEVICE_FAMILY = "1,2";
			};
			name = Debug;
		};
		C61A15612F41591700399EA5 /* Release */ = {
			isa = XCBuildConfiguration;
			buildSettings = {
					ASSETCATALOG_COMPILER_APPICON_NAME = AppIcon;
					ASSETCATALOG_COMPILER_GLOBAL_ACCENT_COLOR_NAME = AccentColor;
					CODE_SIGN_STYLE = Automatic;
					CURRENT_PROJECT_VERSION = 1;
					ENABLE_PREVIEWS = YES;
					GENERATE_INFOPLIST_FILE = YES;
					INFOPLIST_KEY_FEYMANTEC_SUPABASE_ANON_KEY = "sb_publishable_lDimobFTWN3QVRPkgWSJyQ_ch45ioL7";
					INFOPLIST_KEY_FEYMANTEC_SUPABASE_FUNCTIONS_BASE_URL = "https://narcpnqenogakxvkeiuh.supabase.co/functions/v1";
					INFOPLIST_KEY_UIApplicationSceneManifest_Generation = YES;
					INFOPLIST_KEY_UIApplicationSupportsIndirectInputEvents = YES;
					INFOPLIST_KEY_UILaunchScreen_Generation = YES;
				INFOPLIST_KEY_UISupportedInterfaceOrientations_iPad = "UIInterfaceOrientationPortrait UIInterfaceOrientationPortraitUpsideDown UIInterfaceOrientationLandscapeLeft UIInterfaceOrientationLandscapeRight";
				INFOPLIST_KEY_UISupportedInterfaceOrientations_iPhone = "UIInterfaceOrientationPortrait UIInterfaceOrientationLandscapeLeft UIInterfaceOrientationLandscapeRight";
				LD_RUNPATH_SEARCH_PATHS = (
					"$(inherited)",
					"@executable_path/Frameworks",
				);
				MARKETING_VERSION = 1.0;
				PRODUCT_BUNDLE_IDENTIFIER = Feymantec.Feymantec;
				PRODUCT_NAME = "$(TARGET_NAME)";
				STRING_CATALOG_GENERATE_SYMBOLS = YES;
				SWIFT_APPROACHABLE_CONCURRENCY = YES;
				SWIFT_DEFAULT_ACTOR_ISOLATION = MainActor;
				SWIFT_EMIT_LOC_STRINGS = YES;
				SWIFT_UPCOMING_FEATURE_MEMBER_IMPORT_VISIBILITY = YES;
				SWIFT_VERSION = 5.0;
				TARGETED_DEVICE_FAMILY = "1,2";
			};
			name = Release;
		};
		C61A15632F41591700399EA5 /* Debug */ = {
			isa = XCBuildConfiguration;
			buildSettings = {
					BUNDLE_LOADER = "$(TEST_HOST)";
					CODE_SIGN_STYLE = Automatic;
					CURRENT_PROJECT_VERSION = 1;
					GENERATE_INFOPLIST_FILE = YES;
					IPHONEOS_DEPLOYMENT_TARGET = 16.0;
					MARKETING_VERSION = 1.0;
					PRODUCT_BUNDLE_IDENTIFIER = Feymantec.FeymantecTests;
					PRODUCT_NAME = "$(TARGET_NAME)";
				STRING_CATALOG_GENERATE_SYMBOLS = NO;
				SWIFT_APPROACHABLE_CONCURRENCY = YES;
				SWIFT_EMIT_LOC_STRINGS = NO;
				SWIFT_UPCOMING_FEATURE_MEMBER_IMPORT_VISIBILITY = YES;
				SWIFT_VERSION = 5.0;
				TARGETED_DEVICE_FAMILY = "1,2";
				TEST_HOST = "$(BUILT_PRODUCTS_DIR)/Feymantec.app/$(BUNDLE_EXECUTABLE_FOLDER_PATH)/Feymantec";
			};
			name = Debug;
		};
		C61A15642F41591700399EA5 /* Release */ = {
			isa = XCBuildConfiguration;
			buildSettings = {
					BUNDLE_LOADER = "$(TEST_HOST)";
					CODE_SIGN_STYLE = Automatic;
					CURRENT_PROJECT_VERSION = 1;
					GENERATE_INFOPLIST_FILE = YES;
					IPHONEOS_DEPLOYMENT_TARGET = 16.0;
					MARKETING_VERSION = 1.0;
					PRODUCT_BUNDLE_IDENTIFIER = Feymantec.FeymantecTests;
					PRODUCT_NAME = "$(TARGET_NAME)";
				STRING_CATALOG_GENERATE_SYMBOLS = NO;
				SWIFT_APPROACHABLE_CONCURRENCY = YES;
				SWIFT_EMIT_LOC_STRINGS = NO;
				SWIFT_UPCOMING_FEATURE_MEMBER_IMPORT_VISIBILITY = YES;
				SWIFT_VERSION = 5.0;
				TARGETED_DEVICE_FAMILY = "1,2";
				TEST_HOST = "$(BUILT_PRODUCTS_DIR)/Feymantec.app/$(BUNDLE_EXECUTABLE_FOLDER_PATH)/Feymantec";
			};
			name = Release;
		};
		C61A15662F41591700399EA5 /* Debug */ = {
			isa = XCBuildConfiguration;
			buildSettings = {
					CODE_SIGN_STYLE = Automatic;
					CURRENT_PROJECT_VERSION = 1;
					GENERATE_INFOPLIST_FILE = YES;
					MARKETING_VERSION = 1.0;
					PRODUCT_BUNDLE_IDENTIFIER = Feymantec.FeymantecUITests;
				PRODUCT_NAME = "$(TARGET_NAME)";
				STRING_CATALOG_GENERATE_SYMBOLS = NO;
				SWIFT_APPROACHABLE_CONCURRENCY = YES;
				SWIFT_EMIT_LOC_STRINGS = NO;
				SWIFT_UPCOMING_FEATURE_MEMBER_IMPORT_VISIBILITY = YES;
				SWIFT_VERSION = 5.0;
				TARGETED_DEVICE_FAMILY = "1,2";
				TEST_TARGET_NAME = Feymantec;
			};
			name = Debug;
		};
		C61A15672F41591700399EA5 /* Release */ = {
			isa = XCBuildConfiguration;
			buildSettings = {
					CODE_SIGN_STYLE = Automatic;
					CURRENT_PROJECT_VERSION = 1;
					GENERATE_INFOPLIST_FILE = YES;
					MARKETING_VERSION = 1.0;
					PRODUCT_BUNDLE_IDENTIFIER = Feymantec.FeymantecUITests;
				PRODUCT_NAME = "$(TARGET_NAME)";
				STRING_CATALOG_GENERATE_SYMBOLS = NO;
				SWIFT_APPROACHABLE_CONCURRENCY = YES;
				SWIFT_EMIT_LOC_STRINGS = NO;
				SWIFT_UPCOMING_FEATURE_MEMBER_IMPORT_VISIBILITY = YES;
				SWIFT_VERSION = 5.0;
				TARGETED_DEVICE_FAMILY = "1,2";
				TEST_TARGET_NAME = Feymantec;
			};
			name = Release;
		};
/* End XCBuildConfiguration section */

/* Begin XCConfigurationList section */
		C61A15372F41591600399EA5 /* Build configuration list for PBXProject "Feymantec" */ = {
			isa = XCConfigurationList;
			buildConfigurations = (
				C61A155D2F41591700399EA5 /* Debug */,
				C61A155E2F41591700399EA5 /* Release */,
			);
			defaultConfigurationIsVisible = 0;
			defaultConfigurationName = Release;
		};
		C61A155F2F41591700399EA5 /* Build configuration list for PBXNativeTarget "Feymantec" */ = {
			isa = XCConfigurationList;
			buildConfigurations = (
				C61A15602F41591700399EA5 /* Debug */,
				C61A15612F41591700399EA5 /* Release */,
			);
			defaultConfigurationIsVisible = 0;
			defaultConfigurationName = Release;
		};
		C61A15622F41591700399EA5 /* Build configuration list for PBXNativeTarget "FeymantecTests" */ = {
			isa = XCConfigurationList;
			buildConfigurations = (
				C61A15632F41591700399EA5 /* Debug */,
				C61A15642F41591700399EA5 /* Release */,
			);
			defaultConfigurationIsVisible = 0;
			defaultConfigurationName = Release;
		};
		C61A15652F41591700399EA5 /* Build configuration list for PBXNativeTarget "FeymantecUITests" */ = {
			isa = XCConfigurationList;
			buildConfigurations = (
				C61A15662F41591700399EA5 /* Debug */,
				C61A15672F41591700399EA5 /* Release */,
			);
			defaultConfigurationIsVisible = 0;
			defaultConfigurationName = Release;
		};
/* End XCConfigurationList section */

/* Begin XCLocalSwiftPackageReference section */
		C61A15762F41599600399EA5 /* XCLocalSwiftPackageReference "../FeymantecCore" */ = {
			isa = XCLocalSwiftPackageReference;
			relativePath = ../FeymantecCore;
		};
/* End XCLocalSwiftPackageReference section */

/* Begin XCSwiftPackageProductDependency section */
		C61A15842F415B0000399EA5 /* FeymantecCore */ = {
			isa = XCSwiftPackageProductDependency;
			productName = FeymantecCore;
		};
/* End XCSwiftPackageProductDependency section */
	};
	rootObject = C61A15342F41591600399EA5 /* Project object */;
}
